
Microsoft Visual Studio Solution File, Format Version 12.00
# Visual Studio 15
VisualStudioVersion = 15.0.27703.2042
MinimumVisualStudioVersion = 10.0.40219.1
Project("{FAE04EC0-301F-11D3-BF4B-00C04F79EFBC}") = "TrainingRooms", "TrainingRooms\TrainingRooms.csproj", "{DF2EF6EB-9375-4BD1-A372-B3AC6E3BF525}"
EndProject
Project("{FAE04EC0-301F-11D3-BF4B-00C04F79EFBC}") = "TrainingRooms.Android.Android", "TrainingRooms.Android\TrainingRooms.Android\TrainingRooms.Android.Android\TrainingRooms.Android.Android.csproj", "{19A5CCE9-A30C-4088-91C5-A2EDA7C14F42}"
EndProject
Project("{FAE04EC0-301F-11D3-BF4B-00C04F79EFBC}") = "TrainingRooms.Android.iOS", "TrainingRooms.Android\TrainingRooms.Android\TrainingRooms.Android.iOS\TrainingRooms.Android.iOS.csproj", "{7DEAD776-7748-4CFF-BD4C-F24C8AB68E5D}"
EndProject
Project("{FAE04EC0-301F-11D3-BF4B-00C04F79EFBC}") = "TrainingRooms.Android.UWP", "TrainingRooms.Android\TrainingRooms.Android\TrainingRooms.Android.UWP\TrainingRooms.Android.UWP.csproj", "{9641E0ED-C625-4F12-9033-9E35A61BDA23}"
EndProject
Project("{D954291E-2A0B-460D-934E-DC6B0785DB48}") = "TrainingRooms.Android", "TrainingRooms.Android\TrainingRooms.Android\TrainingRooms.Android\TrainingRooms.Android.shproj", "{37C022F8-8CD7-4F26-B5C6-0F052041759A}"
EndProject
Global
	GlobalSection(SharedMSBuildProjectFiles) = preSolution
		TrainingRooms.Android\TrainingRooms.Android\TrainingRooms.Android\TrainingRooms.Android.projitems*{19a5cce9-a30c-4088-91c5-a2eda7c14f42}*SharedItemsImports = 4
		TrainingRooms.Android\TrainingRooms.Android\TrainingRooms.Android\TrainingRooms.Android.projitems*{37c022f8-8cd7-4f26-b5c6-0f052041759a}*SharedItemsImports = 13
		TrainingRooms.Android\TrainingRooms.Android\TrainingRooms.Android\TrainingRooms.Android.projitems*{7dead776-7748-4cff-bd4c-f24c8ab68e5d}*SharedItemsImports = 4
		TrainingRooms.Android\TrainingRooms.Android\TrainingRooms.Android\TrainingRooms.Android.projitems*{9641e0ed-c625-4f12-9033-9e35a61bda23}*SharedItemsImports = 4
	EndGlobalSection
	GlobalSection(SolutionConfigurationPlatforms) = preSolution
		Debug|Any CPU = Debug|Any CPU
		Debug|ARM = Debug|ARM
		Debug|iPhone = Debug|iPhone
		Debug|iPhoneSimulator = Debug|iPhoneSimulator
		Debug|x64 = Debug|x64
		Debug|x86 = Debug|x86
		Release|Any CPU = Release|Any CPU
		Release|ARM = Release|ARM
		Release|iPhone = Release|iPhone
		Release|iPhoneSimulator = Release|iPhoneSimulator
		Release|x64 = Release|x64
		Release|x86 = Release|x86
	EndGlobalSection
	GlobalSection(ProjectConfigurationPlatforms) = postSolution
		{DF2EF6EB-9375-4BD1-A372-B3AC6E3BF525}.Debug|Any CPU.ActiveCfg = Debug|Any CPU
		{DF2EF6EB-9375-4BD1-A372-B3AC6E3BF525}.Debug|Any CPU.Build.0 = Debug|Any CPU
		{DF2EF6EB-9375-4BD1-A372-B3AC6E3BF525}.Debug|ARM.ActiveCfg = Debug|Any CPU
		{DF2EF6EB-9375-4BD1-A372-B3AC6E3BF525}.Debug|ARM.Build.0 = Debug|Any CPU
		{DF2EF6EB-9375-4BD1-A372-B3AC6E3BF525}.Debug|iPhone.ActiveCfg = Debug|Any CPU
		{DF2EF6EB-9375-4BD1-A372-B3AC6E3BF525}.Debug|iPhone.Build.0 = Debug|Any CPU
		{DF2EF6EB-9375-4BD1-A372-B3AC6E3BF525}.Debug|iPhoneSimulator.ActiveCfg = Debug|Any CPU
		{DF2EF6EB-9375-4BD1-A372-B3AC6E3BF525}.Debug|iPhoneSimulator.Build.0 = Debug|Any CPU
		{DF2EF6EB-9375-4BD1-A372-B3AC6E3BF525}.Debug|x64.ActiveCfg = Debug|Any CPU
		{DF2EF6EB-9375-4BD1-A372-B3AC6E3BF525}.Debug|x64.Build.0 = Debug|Any CPU
		{DF2EF6EB-9375-4BD1-A372-B3AC6E3BF525}.Debug|x86.ActiveCfg = Debug|Any CPU
		{DF2EF6EB-9375-4BD1-A372-B3AC6E3BF525}.Debug|x86.Build.0 = Debug|Any CPU
		{DF2EF6EB-9375-4BD1-A372-B3AC6E3BF525}.Release|Any CPU.ActiveCfg = Release|Any CPU
		{DF2EF6EB-9375-4BD1-A372-B3AC6E3BF525}.Release|Any CPU.Build.0 = Release|Any CPU
		{DF2EF6EB-9375-4BD1-A372-B3AC6E3BF525}.Release|ARM.ActiveCfg = Release|Any CPU
		{DF2EF6EB-9375-4BD1-A372-B3AC6E3BF525}.Release|ARM.Build.0 = Release|Any CPU
		{DF2EF6EB-9375-4BD1-A372-B3AC6E3BF525}.Release|iPhone.ActiveCfg = Release|Any CPU
		{DF2EF6EB-9375-4BD1-A372-B3AC6E3BF525}.Release|iPhone.Build.0 = Release|Any CPU
		{DF2EF6EB-9375-4BD1-A372-B3AC6E3BF525}.Release|iPhoneSimulator.ActiveCfg = Release|Any CPU
		{DF2EF6EB-9375-4BD1-A372-B3AC6E3BF525}.Release|iPhoneSimulator.Build.0 = Release|Any CPU
		{DF2EF6EB-9375-4BD1-A372-B3AC6E3BF525}.Release|x64.ActiveCfg = Release|Any CPU
		{DF2EF6EB-9375-4BD1-A372-B3AC6E3BF525}.Release|x64.Build.0 = Release|Any CPU
		{DF2EF6EB-9375-4BD1-A372-B3AC6E3BF525}.Release|x86.ActiveCfg = Release|Any CPU
		{DF2EF6EB-9375-4BD1-A372-B3AC6E3BF525}.Release|x86.Build.0 = Release|Any CPU
		{19A5CCE9-A30C-4088-91C5-A2EDA7C14F42}.Debug|Any CPU.ActiveCfg = Debug|Any CPU
		{19A5CCE9-A30C-4088-91C5-A2EDA7C14F42}.Debug|Any CPU.Build.0 = Debug|Any CPU
		{19A5CCE9-A30C-4088-91C5-A2EDA7C14F42}.Debug|Any CPU.Deploy.0 = Debug|Any CPU
		{19A5CCE9-A30C-4088-91C5-A2EDA7C14F42}.Debug|ARM.ActiveCfg = Debug|Any CPU
		{19A5CCE9-A30C-4088-91C5-A2EDA7C14F42}.Debug|ARM.Build.0 = Debug|Any CPU
		{19A5CCE9-A30C-4088-91C5-A2EDA7C14F42}.Debug|ARM.Deploy.0 = Debug|Any CPU
		{19A5CCE9-A30C-4088-91C5-A2EDA7C14F42}.Debug|iPhone.ActiveCfg = Debug|Any CPU
		{19A5CCE9-A30C-4088-91C5-A2EDA7C14F42}.Debug|iPhone.Build.0 = Debug|Any CPU
		{19A5CCE9-A30C-4088-91C5-A2EDA7C14F42}.Debug|iPhone.Deploy.0 = Debug|Any CPU
		{19A5CCE9-A30C-4088-91C5-A2EDA7C14F42}.Debug|iPhoneSimulator.ActiveCfg = Debug|Any CPU
		{19A5CCE9-A30C-4088-91C5-A2EDA7C14F42}.Debug|iPhoneSimulator.Build.0 = Debug|Any CPU
		{19A5CCE9-A30C-4088-91C5-A2EDA7C14F42}.Debug|iPhoneSimulator.Deploy.0 = Debug|Any CPU
		{19A5CCE9-A30C-4088-91C5-A2EDA7C14F42}.Debug|x64.ActiveCfg = Debug|Any CPU
		{19A5CCE9-A30C-4088-91C5-A2EDA7C14F42}.Debug|x64.Build.0 = Debug|Any CPU
		{19A5CCE9-A30C-4088-91C5-A2EDA7C14F42}.Debug|x64.Deploy.0 = Debug|Any CPU
		{19A5CCE9-A30C-4088-91C5-A2EDA7C14F42}.Debug|x86.ActiveCfg = Debug|Any CPU
		{19A5CCE9-A30C-4088-91C5-A2EDA7C14F42}.Debug|x86.Build.0 = Debug|Any CPU
		{19A5CCE9-A30C-4088-91C5-A2EDA7C14F42}.Debug|x86.Deploy.0 = Debug|Any CPU
		{19A5CCE9-A30C-4088-91C5-A2EDA7C14F42}.Release|Any CPU.ActiveCfg = Release|Any CPU
		{19A5CCE9-A30C-4088-91C5-A2EDA7C14F42}.Release|Any CPU.Build.0 = Release|Any CPU
		{19A5CCE9-A30C-4088-91C5-A2EDA7C14F42}.Release|Any CPU.Deploy.0 = Release|Any CPU
		{19A5CCE9-A30C-4088-91C5-A2EDA7C14F42}.Release|ARM.ActiveCfg = Release|Any CPU
		{19A5CCE9-A30C-4088-91C5-A2EDA7C14F42}.Release|ARM.Build.0 = Release|Any CPU
		{19A5CCE9-A30C-4088-91C5-A2EDA7C14F42}.Release|ARM.Deploy.0 = Release|Any CPU
		{19A5CCE9-A30C-4088-91C5-A2EDA7C14F42}.Release|iPhone.ActiveCfg = Release|Any CPU
		{19A5CCE9-A30C-4088-91C5-A2EDA7C14F42}.Release|iPhone.Build.0 = Release|Any CPU
		{19A5CCE9-A30C-4088-91C5-A2EDA7C14F42}.Release|iPhone.Deploy.0 = Release|Any CPU
		{19A5CCE9-A30C-4088-91C5-A2EDA7C14F42}.Release|iPhoneSimulator.ActiveCfg = Release|Any CPU
		{19A5CCE9-A30C-4088-91C5-A2EDA7C14F42}.Release|iPhoneSimulator.Build.0 = Release|Any CPU
		{19A5CCE9-A30C-4088-91C5-A2EDA7C14F42}.Release|iPhoneSimulator.Deploy.0 = Release|Any CPU
		{19A5CCE9-A30C-4088-91C5-A2EDA7C14F42}.Release|x64.ActiveCfg = Release|Any CPU
		{19A5CCE9-A30C-4088-91C5-A2EDA7C14F42}.Release|x64.Build.0 = Release|Any CPU
		{19A5CCE9-A30C-4088-91C5-A2EDA7C14F42}.Release|x64.Deploy.0 = Release|Any CPU
		{19A5CCE9-A30C-4088-91C5-A2EDA7C14F42}.Release|x86.ActiveCfg = Release|Any CPU
		{19A5CCE9-A30C-4088-91C5-A2EDA7C14F42}.Release|x86.Build.0 = Release|Any CPU
		{19A5CCE9-A30C-4088-91C5-A2EDA7C14F42}.Release|x86.Deploy.0 = Release|Any CPU
		{7DEAD776-7748-4CFF-BD4C-F24C8AB68E5D}.Debug|Any CPU.ActiveCfg = Debug|iPhone
		{7DEAD776-7748-4CFF-BD4C-F24C8AB68E5D}.Debug|ARM.ActiveCfg = Debug|iPhone
		{7DEAD776-7748-4CFF-BD4C-F24C8AB68E5D}.Debug|iPhone.ActiveCfg = Debug|iPhone
		{7DEAD776-7748-4CFF-BD4C-F24C8AB68E5D}.Debug|iPhone.Build.0 = Debug|iPhone
		{7DEAD776-7748-4CFF-BD4C-F24C8AB68E5D}.Debug|iPhoneSimulator.ActiveCfg = Debug|iPhoneSimulator
		{7DEAD776-7748-4CFF-BD4C-F24C8AB68E5D}.Debug|iPhoneSimulator.Build.0 = Debug|iPhoneSimulator
		{7DEAD776-7748-4CFF-BD4C-F24C8AB68E5D}.Debug|x64.ActiveCfg = Debug|iPhone
		{7DEAD776-7748-4CFF-BD4C-F24C8AB68E5D}.Debug|x86.ActiveCfg = Debug|iPhone
		{7DEAD776-7748-4CFF-BD4C-F24C8AB68E5D}.Release|Any CPU.ActiveCfg = Release|iPhone
		{7DEAD776-7748-4CFF-BD4C-F24C8AB68E5D}.Release|ARM.ActiveCfg = Release|iPhone
		{7DEAD776-7748-4CFF-BD4C-F24C8AB68E5D}.Release|iPhone.ActiveCfg = Release|iPhone
		{7DEAD776-7748-4CFF-BD4C-F24C8AB68E5D}.Release|iPhone.Build.0 = Release|iPhone
		{7DEAD776-7748-4CFF-BD4C-F24C8AB68E5D}.Release|iPhoneSimulator.ActiveCfg = Release|iPhoneSimulator
		{7DEAD776-7748-4CFF-BD4C-F24C8AB68E5D}.Release|iPhoneSimulator.Build.0 = Release|iPhoneSimulator
		{7DEAD776-7748-4CFF-BD4C-F24C8AB68E5D}.Release|x64.ActiveCfg = Release|iPhone
		{7DEAD776-7748-4CFF-BD4C-F24C8AB68E5D}.Release|x86.ActiveCfg = Release|iPhone
		{9641E0ED-C625-4F12-9033-9E35A61BDA23}.Debug|Any CPU.ActiveCfg = Debug|x86
		{9641E0ED-C625-4F12-9033-9E35A61BDA23}.Debug|ARM.ActiveCfg = Debug|ARM
		{9641E0ED-C625-4F12-9033-9E35A61BDA23}.Debug|ARM.Build.0 = Debug|ARM
		{9641E0ED-C625-4F12-9033-9E35A61BDA23}.Debug|ARM.Deploy.0 = Debug|ARM
		{9641E0ED-C625-4F12-9033-9E35A61BDA23}.Debug|iPhone.ActiveCfg = Debug|x86
		{9641E0ED-C625-4F12-9033-9E35A61BDA23}.Debug|iPhoneSimulator.ActiveCfg = Debug|x86
		{9641E0ED-C625-4F12-9033-9E35A61BDA23}.Debug|x64.ActiveCfg = Debug|x64
		{9641E0ED-C625-4F12-9033-9E35A61BDA23}.Debug|x64.Build.0 = Debug|x64
		{9641E0ED-C625-4F12-9033-9E35A61BDA23}.Debug|x64.Deploy.0 = Debug|x64
		{9641E0ED-C625-4F12-9033-9E35A61BDA23}.Debug|x86.ActiveCfg = Debug|x86
		{9641E0ED-C625-4F12-9033-9E35A61BDA23}.Debug|x86.Build.0 = Debug|x86
		{9641E0ED-C625-4F12-9033-9E35A61BDA23}.Debug|x86.Deploy.0 = Debug|x86
		{9641E0ED-C625-4F12-9033-9E35A61BDA23}.Release|Any CPU.ActiveCfg = Release|x86
		{9641E0ED-C625-4F12-9033-9E35A61BDA23}.Release|ARM.ActiveCfg = Release|ARM
		{9641E0ED-C625-4F12-9033-9E35A61BDA23}.Release|ARM.Build.0 = Release|ARM
		{9641E0ED-C625-4F12-9033-9E35A61BDA23}.Release|ARM.Deploy.0 = Release|ARM
		{9641E0ED-C625-4F12-9033-9E35A61BDA23}.Release|iPhone.ActiveCfg = Release|x86
		{9641E0ED-C625-4F12-9033-9E35A61BDA23}.Release|iPhoneSimulator.ActiveCfg = Release|x86
		{9641E0ED-C625-4F12-9033-9E35A61BDA23}.Release|x64.ActiveCfg = Release|x64
		{9641E0ED-C625-4F12-9033-9E35A61BDA23}.Release|x64.Build.0 = Release|x64
		{9641E0ED-C625-4F12-9033-9E35A61BDA23}.Release|x64.Deploy.0 = Release|x64
		{9641E0ED-C625-4F12-9033-9E35A61BDA23}.Release|x86.ActiveCfg = Release|x86
		{9641E0ED-C625-4F12-9033-9E35A61BDA23}.Release|x86.Build.0 = Release|x86
		{9641E0ED-C625-4F12-9033-9E35A61BDA23}.Release|x86.Deploy.0 = Release|x86
	EndGlobalSection
	GlobalSection(SolutionProperties) = preSolution
		HideSolutionNode = FALSE
	EndGlobalSection
	GlobalSection(ExtensibilityGlobals) = postSolution
		SolutionGuid = {0FE1D56A-80F7-44D5-A71E-14F5DD64AA1D}
	EndGlobalSection
EndGlobal
